// !$*UTF8*$!
{
	archiveVersion = 1;
	classes = {
	};
	objectVersion = 50;
	objects = {

/* Begin PBXBuildFile section */
		40F4F9CA2353968600245FEB /* AppDelegate.swift in Sources */ = {isa = PBXBuildFile; fileRef = 40F4F9C92353968600245FEB /* AppDelegate.swift */; };
		40F4F9CC2353968600245FEB /* SceneDelegate.swift in Sources */ = {isa = PBXBuildFile; fileRef = 40F4F9CB2353968600245FEB /* SceneDelegate.swift */; };
		40F4F9CE2353968600245FEB /* ViewController.swift in Sources */ = {isa = PBXBuildFile; fileRef = 40F4F9CD2353968600245FEB /* ViewController.swift */; };
		40F4F9D12353968600245FEB /* Main.storyboard in Resources */ = {isa = PBXBuildFile; fileRef = 40F4F9CF2353968600245FEB /* Main.storyboard */; };
		40F4F9D42353968600245FEB /* UIKit1.xcdatamodeld in Sources */ = {isa = PBXBuildFile; fileRef = 40F4F9D22353968600245FEB /* UIKit1.xcdatamodeld */; };
		40F4F9D62353968700245FEB /* Assets.xcassets in Resources */ = {isa = PBXBuildFile; fileRef = 40F4F9D52353968700245FEB /* Assets.xcassets */; };
		40F4F9D92353968700245FEB /* LaunchScreen.storyboard in Resources */ = {isa = PBXBuildFile; fileRef = 40F4F9D72353968700245FEB /* LaunchScreen.storyboard */; };
/* End PBXBuildFile section */

/* Begin PBXFileReference section */
		40F4F9C62353968600245FEB /* UIKit1.app */ = {isa = PBXFileReference; explicitFileType = wrapper.application; includeInIndex = 0; path = UIKit1.app; sourceTree = BUILT_PRODUCTS_DIR; };
		40F4F9C92353968600245FEB /* AppDelegate.swift */ = {isa = PBXFileReference; lastKnownFileType = sourcecode.swift; path = AppDelegate.swift; sourceTree = "<group>"; };
		40F4F9CB2353968600245FEB /* SceneDelegate.swift */ = {isa = PBXFileReference; lastKnownFileType = sourcecode.swift; path = SceneDelegate.swift; sourceTree = "<group>"; };
		40F4F9CD2353968600245FEB /* ViewController.swift */ = {isa = PBXFileReference; lastKnownFileType = sourcecode.swift; path = ViewController.swift; sourceTree = "<group>"; };
		40F4F9D02353968600245FEB /* Base */ = {isa = PBXFileReference; lastKnownFileType = file.storyboard; name = Base; path = Base.lproj/Main.storyboard; sourceTree = "<group>"; };
		40F4F9D32353968600245FEB /* UIKit1.xcdatamodel */ = {isa = PBXFileReference; lastKnownFileType = wrapper.xcdatamodel; path = UIKit1.xcdatamodel; sourceTree = "<group>"; };
		40F4F9D52353968700245FEB /* Assets.xcassets */ = {isa = PBXFileReference; lastKnownFileType = folder.assetcatalog; path = Assets.xcassets; sourceTree = "<group>"; };
		40F4F9D82353968700245FEB /* Base */ = {isa = PBXFileReference; lastKnownFileType = file.storyboard; name = Base; path = Base.lproj/LaunchScreen.storyboard; sourceTree = "<group>"; };
		40F4F9DA2353968700245FEB /* Info.plist */ = {isa = PBXFileReference; lastKnownFileType = text.plist.xml; path = Info.plist; sourceTree = "<group>"; };
/* End PBXFileReference section */

/* Begin PBXFrameworksBuildPhase section */
		40F4F9C32353968600245FEB /* Frameworks */ = {
			isa = PBXFrameworksBuildPhase;
			buildActionMask = 2147483647;
			files = (
			);
			runOnlyForDeploymentPostprocessing = 0;
		};
/* End PBXFrameworksBuildPhase section */

/* Begin PBXGroup section */
		40F4F9BD2353968600245FEB = {
			isa = PBXGroup;
			children = (
				40F4F9C82353968600245FEB /* UIKit1 */,
				40F4F9C72353968600245FEB /* Products */,
			);
			sourceTree = "<group>";
		};
		40F4F9C72353968600245FEB /* Products */ = {
			isa = PBXGroup;
			children = (
				40F4F9C62353968600245FEB /* UIKit1.app */,
			);
			name = Products;
			sourceTree = "<group>";
		};
		40F4F9C82353968600245FEB /* UIKit1 */ = {
			isa = PBXGroup;
			children = (
				40F4F9C92353968600245FEB /* AppDelegate.swift */,
				40F4F9CB2353968600245FEB /* SceneDelegate.swift */,
				40F4F9CD2353968600245FEB /* ViewController.swift */,
				40F4F9CF2353968600245FEB /* Main.storyboard */,
				40F4F9D52353968700245FEB /* Assets.xcassets */,
				40F4F9D72353968700245FEB /* LaunchScreen.storyboard */,
				40F4F9DA2353968700245FEB /* Info.plist */,
				40F4F9D22353968600245FEB /* UIKit1.xcdatamodeld */,
			);
			path = UIKit1;
			sourceTree = "<group>";
		};
/* End PBXGroup section */

/* Begin PBXNativeTarget section */
		40F4F9C52353968600245FEB /* UIKit1 */ = {
			isa = PBXNativeTarget;
			buildConfigurationList = 40F4F9DD2353968700245FEB /* Build configuration list for PBXNativeTarget "UIKit1" */;
			buildPhases = (
				40F4F9C22353968600245FEB /* Sources */,
				40F4F9C32353968600245FEB /* Frameworks */,
				40F4F9C42353968600245FEB /* Resources */,
			);
			buildRules = (
			);
			dependencies = (
			);
			name = UIKit1;
			productName = UIKit1;
			productReference = 40F4F9C62353968600245FEB /* UIKit1.app */;
			productType = "com.apple.product-type.application";
		};
/* End PBXNativeTarget section */

/* Begin PBXProject section */
		40F4F9BE2353968600245FEB /* Project object */ = {
			isa = PBXProject;
			attributes = {
				LastSwiftUpdateCheck = 1110;
				LastUpgradeCheck = 1110;
				ORGANIZATIONNAME = "Klaus Schoeffmann";
				TargetAttributes = {
					40F4F9C52353968600245FEB = {
						CreatedOnToolsVersion = 11.1;
					};
				};
			};
			buildConfigurationList = 40F4F9C12353968600245FEB /* Build configuration list for PBXProject "UIKit1" */;
			compatibilityVersion = "Xcode 9.3";
			developmentRegion = en;
			hasScannedForEncodings = 0;
			knownRegions = (
				en,
				Base,
			);
			mainGroup = 40F4F9BD2353968600245FEB;
			productRefGroup = 40F4F9C72353968600245FEB /* Products */;
			projectDirPath = "";
			projectRoot = "";
			targets = (
				40F4F9C52353968600245FEB /* UIKit1 */,
			);
		};
/* End PBXProject section */

/* Begin PBXResourcesBuildPhase section */
		40F4F9C42353968600245FEB /* Resources */ = {
			isa = PBXResourcesBuildPhase;
			buildActionMask = 2147483647;
			files = (
				40F4F9D92353968700245FEB /* LaunchScreen.storyboard in Resources */,
				40F4F9D62353968700245FEB /* Assets.xcassets in Resources */,
				40F4F9D12353968600245FEB /* Main.storyboard in Resources */,
			);
			runOnlyForDeploymentPostprocessing = 0;
		};
/* End PBXResourcesBuildPhase section */

/* Begin PBXSourcesBuildPhase section */
		40F4F9C22353968600245FEB /* Sources */ = {
			isa = PBXSourcesBuildPhase;
			buildActionMask = 2147483647;
			files = (
				40F4F9CE2353968600245FEB /* ViewController.swift in Sources */,
				40F4F9CA2353968600245FEB /* AppDelegate.swift in Sources */,
				40F4F9D42353968600245FEB /* UIKit1.xcdatamodeld in Sources */,
				40F4F9CC2353968600245FEB /* SceneDelegate.swift in Sources */,
			);
			runOnlyForDeploymentPostprocessing = 0;
		};
/* End PBXSourcesBuildPhase section */

/* Begin PBXVariantGroup section */
		40F4F9CF2353968600245FEB /* Main.storyboard */ = {
			isa = PBXVariantGroup;
			children = (
				40F4F9D02353968600245FEB /* Base */,
			);
			name = Main.storyboard;
			sourceTree = "<group>";
		};
		40F4F9D72353968700245FEB /* LaunchScreen.storyboard */ = {
			isa = PBXVariantGroup;
			children = (
				40F4F9D82353968700245FEB /* Base */,
			);
			name = LaunchScreen.storyboard;
			sourceTree = "<group>";
		};
/* End PBXVariantGroup section */

/* Begin XCBuildConfiguration section */
		40F4F9DB2353968700245FEB /* Debug */ = {
			isa = XCBuildConfiguration;
			buildSettings = {
				ALWAYS_SEARCH_USER_PATHS = NO;
				CLANG_ANALYZER_NONNULL = YES;
				CLANG_ANALYZER_NUMBER_OBJECT_CONVERSION = YES_AGGRESSIVE;
				CLANG_CXX_LANGUAGE_STANDARD = "gnu++14";
				CLANG_CXX_LIBRARY = "libc++";
				CLANG_ENABLE_MODULES = YES;
				CLANG_ENABLE_OBJC_ARC = YES;
				CLANG_ENABLE_OBJC_WEAK = YES;
				CLANG_WARN_BLOCK_CAPTURE_AUTORELEASING = YES;
				CLANG_WARN_BOOL_CONVERSION = YES;
				CLANG_WARN_COMMA = YES;
				CLANG_WARN_CONSTANT_CONVERSION = YES;
				CLANG_WARN_DEPRECATED_OBJC_IMPLEMENTATIONS = YES;
				CLANG_WARN_DIRECT_OBJC_ISA_USAGE = YES_ERROR;
				CLANG_WARN_DOCUMENTATION_COMMENTS = YES;
				CLANG_WARN_EMPTY_BODY = YES;
				CLANG_WARN_ENUM_CONVERSION = YES;
				CLANG_WARN_INFINITE_RECURSION = YES;
				CLANG_WARN_INT_CONVERSION = YES;
				CLANG_WARN_NON_LITERAL_NULL_CONVERSION = YES;
				CLANG_WARN_OBJC_IMPLICIT_RETAIN_SELF = YES;
				CLANG_WARN_OBJC_LITERAL_CONVERSION = YES;
				CLANG_WARN_OBJC_ROOT_CLASS = YES_ERROR;
				CLANG_WARN_RANGE_LOOP_ANALYSIS = YES;
				CLANG_WARN_STRICT_PROTOTYPES = YES;
				CLANG_WARN_SUSPICIOUS_MOVE = YES;
				CLANG_WARN_UNGUARDED_AVAILABILITY = YES_AGGRESSIVE;
				CLANG_WARN_UNREACHABLE_CODE = YES;
				CLANG_WARN__DUPLICATE_METHOD_MATCH = YES;
				COPY_PHASE_STRIP = NO;
				DEBUG_INFORMATION_FORMAT = dwarf;
				ENABLE_STRICT_OBJC_MSGSEND = YES;
				ENABLE_TESTABILITY = YES;
				GCC_C_LANGUAGE_STANDARD = gnu11;
				GCC_DYNAMIC_NO_PIC = NO;
				GCC_NO_COMMON_BLOCKS = YES;
				GCC_OPTIMIZATION_LEVEL = 0;
				GCC_PREPROCESSOR_DEFINITIONS = (
					"DEBUG=1",
					"$(inherited)",
				);
				GCC_WARN_64_TO_32_BIT_CONVERSION = YES;
				GCC_WARN_ABOUT_RETURN_TYPE = YES_ERROR;
				GCC_WARN_UNDECLARED_SELECTOR = YES;
				GCC_WARN_UNINITIALIZED_AUTOS = YES_AGGRESSIVE;
				GCC_WARN_UNUSED_FUNCTION = YES;
				GCC_WARN_UNUSED_VARIABLE = YES;
				IPHONEOS_DEPLOYMENT_TARGET = 13.1;
				MTL_ENABLE_DEBUG_INFO = INCLUDE_SOURCE;
				MTL_FAST_MATH = YES;
				ONLY_ACTIVE_ARCH = YES;
				SDKROOT = iphoneos;
				SWIFT_ACTIVE_COMPILATION_CONDITIONS = DEBUG;
				SWIFT_OPTIMIZATION_LEVEL = "-Onone";
			};
			name = Debug;
		};
		40F4F9DC2353968700245FEB /* Release */ = {
			isa = XCBuildConfiguration;
			buildSettings = {
				ALWAYS_SEARCH_USER_PATHS = NO;
				CLANG_ANALYZER_NONNULL = YES;
				CLANG_ANALYZER_NUMBER_OBJECT_CONVERSION = YES_AGGRESSIVE;
				CLANG_CXX_LANGUAGE_STANDARD = "gnu++14";
				CLANG_CXX_LIBRARY = "libc++";
				CLANG_ENABLE_MODULES = YES;
				CLANG_ENABLE_OBJC_ARC = YES;
				CLANG_ENABLE_OBJC_WEAK = YES;
				CLANG_WARN_BLOCK_CAPTURE_AUTORELEASING = YES;
				CLANG_WARN_BOOL_CONVERSION = YES;
				CLANG_WARN_COMMA = YES;
				CLANG_WARN_CONSTANT_CONVERSION = YES;
				CLANG_WARN_DEPRECATED_OBJC_IMPLEMENTATIONS = YES;
				CLANG_WARN_DIRECT_OBJC_ISA_USAGE = YES_ERROR;
				CLANG_WARN_DOCUMENTATION_COMMENTS = YES;
				CLANG_WARN_EMPTY_BODY = YES;
				CLANG_WARN_ENUM_CONVERSION = YES;
				CLANG_WARN_INFINITE_RECURSION = YES;
				CLANG_WARN_INT_CONVERSION = YES;
				CLANG_WARN_NON_LITERAL_NULL_CONVERSION = YES;
				CLANG_WARN_OBJC_IMPLICIT_RETAIN_SELF = YES;
				CLANG_WARN_OBJC_LITERAL_CONVERSION = YES;
				CLANG_WARN_OBJC_ROOT_CLASS = YES_ERROR;
				CLANG_WARN_RANGE_LOOP_ANALYSIS = YES;
				CLANG_WARN_STRICT_PROTOTYPES = YES;
				CLANG_WARN_SUSPICIOUS_MOVE = YES;
				CLANG_WARN_UNGUARDED_AVAILABILITY = YES_AGGRESSIVE;
				CLANG_WARN_UNREACHABLE_CODE = YES;
				CLANG_WARN__DUPLICATE_METHOD_MATCH = YES;
				COPY_PHASE_STRIP = NO;
				DEBUG_INFORMATION_FORMAT = "dwarf-with-dsym";
				ENABLE_NS_ASSERTIONS = NO;
				ENABLE_STRICT_OBJC_MSGSEND = YES;
				GCC_C_LANGUAGE_STANDARD = gnu11;
				GCC_NO_COMMON_BLOCKS = YES;
				GCC_WARN_64_TO_32_BIT_CONVERSION = YES;
				GCC_WARN_ABOUT_RETURN_TYPE = YES_ERROR;
				GCC_WARN_UNDECLARED_SELECTOR = YES;
				GCC_WARN_UNINITIALIZED_AUTOS = YES_AGGRESSIVE;
				GCC_WARN_UNUSED_FUNCTION = YES;
				GCC_WARN_UNUSED_VARIABLE = YES;
				IPHONEOS_DEPLOYMENT_TARGET = 13.1;
				MTL_ENABLE_DEBUG_INFO = NO;
				MTL_FAST_MATH = YES;
				SDKROOT = iphoneos;
				SWIFT_COMPILATION_MODE = wholemodule;
				SWIFT_OPTIMIZATION_LEVEL = "-O";
				VALIDATE_PRODUCT = YES;
			};
			name = Release;
		};
		40F4F9DE2353968700245FEB /* Debug */ = {
			isa = XCBuildConfiguration;
			buildSettings = {
				ASSETCATALOG_COMPILER_APPICON_NAME = AppIcon;
				CODE_SIGN_STYLE = Automatic;
				DEVELOPMENT_TEAM = 5MUADH2725;
				INFOPLIST_FILE = UIKit1/Info.plist;
				LD_RUNPATH_SEARCH_PATHS = (
					"$(inherited)",
					"@executable_path/Frameworks",
				);
				PRODUCT_BUNDLE_IDENTIFIER = at.aau.UIKit1;
				PRODUCT_NAME = "$(TARGET_NAME)";
				SWIFT_VERSION = 5.0;
				TARGETED_DEVICE_FAMILY = "1,2";
			};
			name = Debug;
		};
		40F4F9DF2353968700245FEB /* Release */ = {
			isa = XCBuildConfiguration;
			buildSettings = {
				ASSETCATALOG_COMPILER_APPICON_NAME = AppIcon;
				CODE_SIGN_STYLE = Automatic;
				DEVELOPMENT_TEAM = 5MUADH2725;
				INFOPLIST_FILE = UIKit1/Info.plist;
				LD_RUNPATH_SEARCH_PATHS = (
					"$(inherited)",
					"@executable_path/Frameworks",
				);
				PRODUCT_BUNDLE_IDENTIFIER = at.aau.UIKit1;
				PRODUCT_NAME = "$(TARGET_NAME)";
				SWIFT_VERSION = 5.0;
				TARGETED_DEVICE_FAMILY = "1,2";
			};
			name = Release;
		};
/* End XCBuildConfiguration section */

/* Begin XCConfigurationList section */
		40F4F9C12353968600245FEB /* Build configuration list for PBXProject "UIKit1" */ = {
			isa = XCConfigurationList;
			buildConfigurations = (
				40F4F9DB2353968700245FEB /* Debug */,
				40F4F9DC2353968700245FEB /* Release */,
			);
			defaultConfigurationIsVisible = 0;
			defaultConfigurationName = Release;
		};
		40F4F9DD2353968700245FEB /* Build configuration list for PBXNativeTarget "UIKit1" */ = {
			isa = XCConfigurationList;
			buildConfigurations = (
				40F4F9DE2353968700245FEB /* Debug */,
				40F4F9DF2353968700245FEB /* Release */,
			);
			defaultConfigurationIsVisible = 0;
			defaultConfigurationName = Release;
		};
/* End XCConfigurationList section */

/* Begin XCVersionGroup section */
		40F4F9D22353968600245FEB /* UIKit1.xcdatamodeld */ = {
			isa = XCVersionGroup;
			children = (
				40F4F9D32353968600245FEB /* UIKit1.xcdatamodel */,
			);
			currentVersion = 40F4F9D32353968600245FEB /* UIKit1.xcdatamodel */;
			path = UIKit1.xcdatamodeld;
			sourceTree = "<group>";
			versionGroupType = wrapper.xcdatamodel;
		};
/* End XCVersionGroup section */
	};
	rootObject = 40F4F9BE2353968600245FEB /* Project object */;
}
